
Microsoft Visual Studio Solution File, Format Version 12.00
# Visual Studio Version 17
VisualStudioVersion = 17.10.35027.167
MinimumVisualStudioVersion = 10.0.40219.1
Project("{9A19103F-16F7-4668-BE54-9A1E7A4F7556}") = "SensorsQualityEvaluation", "SensorsQualityEvaluation\SensorsQualityEvaluation.csproj", "{1FC67841-33FA-498E-B1AA-68AF5EE80AE1}"
EndProject
Project("{9A19103F-16F7-4668-BE54-9A1E7A4F7556}") = "SensorsQualityEvaluation.Tests", "SensorsQualityEvaluation.Tests\SensorsQualityEvaluation.Tests.csproj", "{7D6DD689-19E5-4262-B28A-93C3FB84CF9D}"
EndProject
Project("{FAE04EC0-301F-11D3-BF4B-00C04F79EFBC}") = "SensorQualityEvaluation.App", "SensorQualityEvaluation.App\SensorQualityEvaluation.App.csproj", "{91F47118-F759-485E-91D1-6004A5D3F76D}"
EndProject
Global
	GlobalSection(SolutionConfigurationPlatforms) = preSolution
		Debug|Any CPU = Debug|Any CPU
		Release|Any CPU = Release|Any CPU
	EndGlobalSection
	GlobalSection(ProjectConfigurationPlatforms) = postSolution
		{1FC67841-33FA-498E-B1AA-68AF5EE80AE1}.Debug|Any CPU.ActiveCfg = Debug|Any CPU
		{1FC67841-33FA-498E-B1AA-68AF5EE80AE1}.Debug|Any CPU.Build.0 = Debug|Any CPU
		{1FC67841-33FA-498E-B1AA-68AF5EE80AE1}.Release|Any CPU.ActiveCfg = Release|Any CPU
		{1FC67841-33FA-498E-B1AA-68AF5EE80AE1}.Release|Any CPU.Build.0 = Release|Any CPU
		{7D6DD689-19E5-4262-B28A-93C3FB84CF9D}.Debug|Any CPU.ActiveCfg = Debug|Any CPU
		{7D6DD689-19E5-4262-B28A-93C3FB84CF9D}.Debug|Any CPU.Build.0 = Debug|Any CPU
		{7D6DD689-19E5-4262-B28A-93C3FB84CF9D}.Release|Any CPU.ActiveCfg = Release|Any CPU
		{7D6DD689-19E5-4262-B28A-93C3FB84CF9D}.Release|Any CPU.Build.0 = Release|Any CPU
		{91F47118-F759-485E-91D1-6004A5D3F76D}.Debug|Any CPU.ActiveCfg = Debug|Any CPU
		{91F47118-F759-485E-91D1-6004A5D3F76D}.Debug|Any CPU.Build.0 = Debug|Any CPU
		{91F47118-F759-485E-91D1-6004A5D3F76D}.Release|Any CPU.ActiveCfg = Release|Any CPU
		{91F47118-F759-485E-91D1-6004A5D3F76D}.Release|Any CPU.Build.0 = Release|Any CPU
	EndGlobalSection
	GlobalSection(SolutionProperties) = preSolution
		HideSolutionNode = FALSE
	EndGlobalSection
	GlobalSection(ExtensibilityGlobals) = postSolution
		SolutionGuid = {627BC6EE-30F0-4476-A70A-24EF7EEB0A33}
	EndGlobalSection
EndGlobal
